// !$*UTF8*$!
{
	archiveVersion = 1;
	classes = {
	};
	objectVersion = 52;
	objects = {

/* Begin PBXBuildFile section */
		3E2D99202638B32900F8F6D7 /* AppDelegate.swift in Sources */ = {isa = PBXBuildFile; fileRef = 3E2D991F2638B32900F8F6D7 /* AppDelegate.swift */; };
		3E2D99222638B32900F8F6D7 /* SceneDelegate.swift in Sources */ = {isa = PBXBuildFile; fileRef = 3E2D99212638B32900F8F6D7 /* SceneDelegate.swift */; };
		3E2D99242638B32900F8F6D7 /* ViewController.swift in Sources */ = {isa = PBXBuildFile; fileRef = 3E2D99232638B32900F8F6D7 /* ViewController.swift */; };
		3E2D99272638B32900F8F6D7 /* Main.storyboard in Resources */ = {isa = PBXBuildFile; fileRef = 3E2D99252638B32900F8F6D7 /* Main.storyboard */; };
		3E2D99292638B32A00F8F6D7 /* Assets.xcassets in Resources */ = {isa = PBXBuildFile; fileRef = 3E2D99282638B32A00F8F6D7 /* Assets.xcassets */; };
		3E2D992C2638B32A00F8F6D7 /* LaunchScreen.storyboard in Resources */ = {isa = PBXBuildFile; fileRef = 3E2D992A2638B32A00F8F6D7 /* LaunchScreen.storyboard */; };
		3E2D99372638B32A00F8F6D7 /* SPMTestTests.swift in Sources */ = {isa = PBXBuildFile; fileRef = 3E2D99362638B32A00F8F6D7 /* SPMTestTests.swift */; };
		3E43B7F8263A02270077B99A /* EqualSlicesPackage in Frameworks */ = {isa = PBXBuildFile; productRef = 3E43B7F7263A02270077B99A /* EqualSlicesPackage */; };
/* End PBXBuildFile section */

/* Begin PBXContainerItemProxy section */
		3E2D99332638B32A00F8F6D7 /* PBXContainerItemProxy */ = {
			isa = PBXContainerItemProxy;
			containerPortal = 3E2D99142638B32900F8F6D7 /* Project object */;
			proxyType = 1;
			remoteGlobalIDString = 3E2D991B2638B32900F8F6D7;
			remoteInfo = SPMTest;
		};
/* End PBXContainerItemProxy section */

/* Begin PBXFileReference section */
		3E2D991C2638B32900F8F6D7 /* EqualSlices.app */ = {isa = PBXFileReference; explicitFileType = wrapper.application; includeInIndex = 0; path = EqualSlices.app; sourceTree = BUILT_PRODUCTS_DIR; };
		3E2D991F2638B32900F8F6D7 /* AppDelegate.swift */ = {isa = PBXFileReference; lastKnownFileType = sourcecode.swift; path = AppDelegate.swift; sourceTree = "<group>"; };
		3E2D99212638B32900F8F6D7 /* SceneDelegate.swift */ = {isa = PBXFileReference; lastKnownFileType = sourcecode.swift; path = SceneDelegate.swift; sourceTree = "<group>"; };
		3E2D99232638B32900F8F6D7 /* ViewController.swift */ = {isa = PBXFileReference; lastKnownFileType = sourcecode.swift; path = ViewController.swift; sourceTree = "<group>"; };
		3E2D99262638B32900F8F6D7 /* Base */ = {isa = PBXFileReference; lastKnownFileType = file.storyboard; name = Base; path = Base.lproj/Main.storyboard; sourceTree = "<group>"; };
		3E2D99282638B32A00F8F6D7 /* Assets.xcassets */ = {isa = PBXFileReference; lastKnownFileType = folder.assetcatalog; path = Assets.xcassets; sourceTree = "<group>"; };
		3E2D992B2638B32A00F8F6D7 /* Base */ = {isa = PBXFileReference; lastKnownFileType = file.storyboard; name = Base; path = Base.lproj/LaunchScreen.storyboard; sourceTree = "<group>"; };
		3E2D992D2638B32A00F8F6D7 /* Info.plist */ = {isa = PBXFileReference; lastKnownFileType = text.plist.xml; path = Info.plist; sourceTree = "<group>"; };
		3E2D99322638B32A00F8F6D7 /* EqualSlicesTests.xctest */ = {isa = PBXFileReference; explicitFileType = wrapper.cfbundle; includeInIndex = 0; path = EqualSlicesTests.xctest; sourceTree = BUILT_PRODUCTS_DIR; };
		3E2D99362638B32A00F8F6D7 /* SPMTestTests.swift */ = {isa = PBXFileReference; lastKnownFileType = sourcecode.swift; path = SPMTestTests.swift; sourceTree = "<group>"; };
		3E2D99382638B32A00F8F6D7 /* Info.plist */ = {isa = PBXFileReference; lastKnownFileType = text.plist.xml; path = Info.plist; sourceTree = "<group>"; };
/* End PBXFileReference section */

/* Begin PBXFrameworksBuildPhase section */
		3E2D99192638B32900F8F6D7 /* Frameworks */ = {
			isa = PBXFrameworksBuildPhase;
			buildActionMask = 2147483647;
			files = (
				3E43B7F8263A02270077B99A /* EqualSlicesPackage in Frameworks */,
			);
			runOnlyForDeploymentPostprocessing = 0;
		};
		3E2D992F2638B32A00F8F6D7 /* Frameworks */ = {
			isa = PBXFrameworksBuildPhase;
			buildActionMask = 2147483647;
			files = (
			);
			runOnlyForDeploymentPostprocessing = 0;
		};
/* End PBXFrameworksBuildPhase section */

/* Begin PBXGroup section */
		3E2D99132638B32900F8F6D7 = {
			isa = PBXGroup;
			children = (
				3E2D991E2638B32900F8F6D7 /* EqualSlices */,
				3E2D99352638B32A00F8F6D7 /* EqualSlicesTests */,
				3E2D991D2638B32900F8F6D7 /* Products */,
			);
			sourceTree = "<group>";
		};
		3E2D991D2638B32900F8F6D7 /* Products */ = {
			isa = PBXGroup;
			children = (
				3E2D991C2638B32900F8F6D7 /* EqualSlices.app */,
				3E2D99322638B32A00F8F6D7 /* EqualSlicesTests.xctest */,
			);
			name = Products;
			sourceTree = "<group>";
		};
		3E2D991E2638B32900F8F6D7 /* EqualSlices */ = {
			isa = PBXGroup;
			children = (
				3E2D991F2638B32900F8F6D7 /* AppDelegate.swift */,
				3E2D99212638B32900F8F6D7 /* SceneDelegate.swift */,
				3E2D99232638B32900F8F6D7 /* ViewController.swift */,
				3E2D99252638B32900F8F6D7 /* Main.storyboard */,
				3E2D99282638B32A00F8F6D7 /* Assets.xcassets */,
				3E2D992A2638B32A00F8F6D7 /* LaunchScreen.storyboard */,
				3E2D992D2638B32A00F8F6D7 /* Info.plist */,
			);
			path = EqualSlices;
			sourceTree = "<group>";
		};
		3E2D99352638B32A00F8F6D7 /* EqualSlicesTests */ = {
			isa = PBXGroup;
			children = (
				3E2D99362638B32A00F8F6D7 /* SPMTestTests.swift */,
				3E2D99382638B32A00F8F6D7 /* Info.plist */,
			);
			path = EqualSlicesTests;
			sourceTree = "<group>";
		};
/* End PBXGroup section */

/* Begin PBXNativeTarget section */
		3E2D991B2638B32900F8F6D7 /* EqualSlices */ = {
			isa = PBXNativeTarget;
			buildConfigurationList = 3E2D99462638B32A00F8F6D7 /* Build configuration list for PBXNativeTarget "EqualSlices" */;
			buildPhases = (
				3E43B7FC263A0A740077B99A /* Swiftlint */,
				3E2D99182638B32900F8F6D7 /* Sources */,
				3E2D99192638B32900F8F6D7 /* Frameworks */,
				3E2D991A2638B32900F8F6D7 /* Resources */,
			);
			buildRules = (
			);
			dependencies = (
			);
			name = EqualSlices;
			packageProductDependencies = (
				3E43B7F7263A02270077B99A /* EqualSlicesPackage */,
			);
			productName = SPMTest;
			productReference = 3E2D991C2638B32900F8F6D7 /* EqualSlices.app */;
			productType = "com.apple.product-type.application";
		};
		3E2D99312638B32A00F8F6D7 /* EqualSlicesTests */ = {
			isa = PBXNativeTarget;
			buildConfigurationList = 3E2D99492638B32A00F8F6D7 /* Build configuration list for PBXNativeTarget "EqualSlicesTests" */;
			buildPhases = (
				3E2D992E2638B32A00F8F6D7 /* Sources */,
				3E2D992F2638B32A00F8F6D7 /* Frameworks */,
				3E2D99302638B32A00F8F6D7 /* Resources */,
			);
			buildRules = (
			);
			dependencies = (
				3E2D99342638B32A00F8F6D7 /* PBXTargetDependency */,
			);
			name = EqualSlicesTests;
			productName = SPMTestTests;
			productReference = 3E2D99322638B32A00F8F6D7 /* EqualSlicesTests.xctest */;
			productType = "com.apple.product-type.bundle.unit-test";
		};
/* End PBXNativeTarget section */

/* Begin PBXProject section */
		3E2D99142638B32900F8F6D7 /* Project object */ = {
			isa = PBXProject;
			attributes = {
				LastSwiftUpdateCheck = 1250;
				LastUpgradeCheck = 1250;
				TargetAttributes = {
					3E2D991B2638B32900F8F6D7 = {
						CreatedOnToolsVersion = 12.5;
					};
					3E2D99312638B32A00F8F6D7 = {
						CreatedOnToolsVersion = 12.5;
						TestTargetID = 3E2D991B2638B32900F8F6D7;
					};
				};
			};
			buildConfigurationList = 3E2D99172638B32900F8F6D7 /* Build configuration list for PBXProject "EqualSlices" */;
			compatibilityVersion = "Xcode 9.3";
			developmentRegion = en;
			hasScannedForEncodings = 0;
			knownRegions = (
				en,
				Base,
			);
			mainGroup = 3E2D99132638B32900F8F6D7;
			packageReferences = (
				3E43B7F6263A02270077B99A /* XCRemoteSwiftPackageReference "EqualSlicesPackage" */,
			);
			productRefGroup = 3E2D991D2638B32900F8F6D7 /* Products */;
			projectDirPath = "";
			projectRoot = "";
			targets = (
				3E2D991B2638B32900F8F6D7 /* EqualSlices */,
				3E2D99312638B32A00F8F6D7 /* EqualSlicesTests */,
			);
		};
/* End PBXProject section */

/* Begin PBXResourcesBuildPhase section */
		3E2D991A2638B32900F8F6D7 /* Resources */ = {
			isa = PBXResourcesBuildPhase;
			buildActionMask = 2147483647;
			files = (
				3E2D992C2638B32A00F8F6D7 /* LaunchScreen.storyboard in Resources */,
				3E2D99292638B32A00F8F6D7 /* Assets.xcassets in Resources */,
				3E2D99272638B32900F8F6D7 /* Main.storyboard in Resources */,
			);
			runOnlyForDeploymentPostprocessing = 0;
		};
		3E2D99302638B32A00F8F6D7 /* Resources */ = {
			isa = PBXResourcesBuildPhase;
			buildActionMask = 2147483647;
			files = (
			);
			runOnlyForDeploymentPostprocessing = 0;
		};
/* End PBXResourcesBuildPhase section */

/* Begin PBXShellScriptBuildPhase section */
		3E43B7FC263A0A740077B99A /* Swiftlint */ = {
			isa = PBXShellScriptBuildPhase;
			buildActionMask = 2147483647;
			files = (
			);
			inputFileListPaths = (
			);
			inputPaths = (
			);
			name = Swiftlint;
			outputFileListPaths = (
			);
			outputPaths = (
			);
			runOnlyForDeploymentPostprocessing = 0;
			shellPath = /bin/sh;
			shellScript = "if which swiftlint >/dev/null; then\n  swiftlint\nelse\n  echo \"warning: SwiftLint not installed, download from https://github.com/realm/SwiftLint\"\nfi\n";
		};
/* End PBXShellScriptBuildPhase section */

/* Begin PBXSourcesBuildPhase section */
		3E2D99182638B32900F8F6D7 /* Sources */ = {
			isa = PBXSourcesBuildPhase;
			buildActionMask = 2147483647;
			files = (
				3E2D99242638B32900F8F6D7 /* ViewController.swift in Sources */,
				3E2D99202638B32900F8F6D7 /* AppDelegate.swift in Sources */,
				3E2D99222638B32900F8F6D7 /* SceneDelegate.swift in Sources */,
			);
			runOnlyForDeploymentPostprocessing = 0;
		};
		3E2D992E2638B32A00F8F6D7 /* Sources */ = {
			isa = PBXSourcesBuildPhase;
			buildActionMask = 2147483647;
			files = (
				3E2D99372638B32A00F8F6D7 /* SPMTestTests.swift in Sources */,
			);
			runOnlyForDeploymentPostprocessing = 0;
		};
/* End PBXSourcesBuildPhase section */

/* Begin PBXTargetDependency section */
		3E2D99342638B32A00F8F6D7 /* PBXTargetDependency */ = {
			isa = PBXTargetDependency;
			target = 3E2D991B2638B32900F8F6D7 /* EqualSlices */;
			targetProxy = 3E2D99332638B32A00F8F6D7 /* PBXContainerItemProxy */;
		};
/* End PBXTargetDependency section */

/* Begin PBXVariantGroup section */
		3E2D99252638B32900F8F6D7 /* Main.storyboard */ = {
			isa = PBXVariantGroup;
			children = (
				3E2D99262638B32900F8F6D7 /* Base */,
			);
			name = Main.storyboard;
			sourceTree = "<group>";
		};
		3E2D992A2638B32A00F8F6D7 /* LaunchScreen.storyboard */ = {
			isa = PBXVariantGroup;
			children = (
				3E2D992B2638B32A00F8F6D7 /* Base */,
			);
			name = LaunchScreen.storyboard;
			sourceTree = "<group>";
		};
/* End PBXVariantGroup section */

/* Begin XCBuildConfiguration section */
		3E2D99442638B32A00F8F6D7 /* Debug */ = {
			isa = XCBuildConfiguration;
			buildSettings = {
				ALWAYS_SEARCH_USER_PATHS = NO;
				CLANG_ANALYZER_NONNULL = YES;
				CLANG_ANALYZER_NUMBER_OBJECT_CONVERSION = YES_AGGRESSIVE;
				CLANG_CXX_LANGUAGE_STANDARD = "gnu++14";
				CLANG_CXX_LIBRARY = "libc++";
				CLANG_ENABLE_MODULES = YES;
				CLANG_ENABLE_OBJC_ARC = YES;
				CLANG_ENABLE_OBJC_WEAK = YES;
				CLANG_WARN_BLOCK_CAPTURE_AUTORELEASING = YES;
				CLANG_WARN_BOOL_CONVERSION = YES;
				CLANG_WARN_COMMA = YES;
				CLANG_WARN_CONSTANT_CONVERSION = YES;
				CLANG_WARN_DEPRECATED_OBJC_IMPLEMENTATIONS = YES;
				CLANG_WARN_DIRECT_OBJC_ISA_USAGE = YES_ERROR;
				CLANG_WARN_DOCUMENTATION_COMMENTS = YES;
				CLANG_WARN_EMPTY_BODY = YES;
				CLANG_WARN_ENUM_CONVERSION = YES;
				CLANG_WARN_INFINITE_RECURSION = YES;
				CLANG_WARN_INT_CONVERSION = YES;
				CLANG_WARN_NON_LITERAL_NULL_CONVERSION = YES;
				CLANG_WARN_OBJC_IMPLICIT_RETAIN_SELF = YES;
				CLANG_WARN_OBJC_LITERAL_CONVERSION = YES;
				CLANG_WARN_OBJC_ROOT_CLASS = YES_ERROR;
				CLANG_WARN_QUOTED_INCLUDE_IN_FRAMEWORK_HEADER = YES;
				CLANG_WARN_RANGE_LOOP_ANALYSIS = YES;
				CLANG_WARN_STRICT_PROTOTYPES = YES;
				CLANG_WARN_SUSPICIOUS_MOVE = YES;
				CLANG_WARN_UNGUARDED_AVAILABILITY = YES_AGGRESSIVE;
				CLANG_WARN_UNREACHABLE_CODE = YES;
				CLANG_WARN__DUPLICATE_METHOD_MATCH = YES;
				COPY_PHASE_STRIP = NO;
				DEBUG_INFORMATION_FORMAT = dwarf;
				ENABLE_STRICT_OBJC_MSGSEND = YES;
				ENABLE_TESTABILITY = YES;
				GCC_C_LANGUAGE_STANDARD = gnu11;
				GCC_DYNAMIC_NO_PIC = NO;
				GCC_NO_COMMON_BLOCKS = YES;
				GCC_OPTIMIZATION_LEVEL = 0;
				GCC_PREPROCESSOR_DEFINITIONS = (
					"DEBUG=1",
					"$(inherited)",
				);
				GCC_WARN_64_TO_32_BIT_CONVERSION = YES;
				GCC_WARN_ABOUT_RETURN_TYPE = YES_ERROR;
				GCC_WARN_UNDECLARED_SELECTOR = YES;
				GCC_WARN_UNINITIALIZED_AUTOS = YES_AGGRESSIVE;
				GCC_WARN_UNUSED_FUNCTION = YES;
				GCC_WARN_UNUSED_VARIABLE = YES;
				IPHONEOS_DEPLOYMENT_TARGET = 14.5;
				MTL_ENABLE_DEBUG_INFO = INCLUDE_SOURCE;
				MTL_FAST_MATH = YES;
				ONLY_ACTIVE_ARCH = YES;
				SDKROOT = iphoneos;
				SWIFT_ACTIVE_COMPILATION_CONDITIONS = DEBUG;
				SWIFT_OPTIMIZATION_LEVEL = "-Onone";
			};
			name = Debug;
		};
		3E2D99452638B32A00F8F6D7 /* Release */ = {
			isa = XCBuildConfiguration;
			buildSettings = {
				ALWAYS_SEARCH_USER_PATHS = NO;
				CLANG_ANALYZER_NONNULL = YES;
				CLANG_ANALYZER_NUMBER_OBJECT_CONVERSION = YES_AGGRESSIVE;
				CLANG_CXX_LANGUAGE_STANDARD = "gnu++14";
				CLANG_CXX_LIBRARY = "libc++";
				CLANG_ENABLE_MODULES = YES;
				CLANG_ENABLE_OBJC_ARC = YES;
				CLANG_ENABLE_OBJC_WEAK = YES;
				CLANG_WARN_BLOCK_CAPTURE_AUTORELEASING = YES;
				CLANG_WARN_BOOL_CONVERSION = YES;
				CLANG_WARN_COMMA = YES;
				CLANG_WARN_CONSTANT_CONVERSION = YES;
				CLANG_WARN_DEPRECATED_OBJC_IMPLEMENTATIONS = YES;
				CLANG_WARN_DIRECT_OBJC_ISA_USAGE = YES_ERROR;
				CLANG_WARN_DOCUMENTATION_COMMENTS = YES;
				CLANG_WARN_EMPTY_BODY = YES;
				CLANG_WARN_ENUM_CONVERSION = YES;
				CLANG_WARN_INFINITE_RECURSION = YES;
				CLANG_WARN_INT_CONVERSION = YES;
				CLANG_WARN_NON_LITERAL_NULL_CONVERSION = YES;
				CLANG_WARN_OBJC_IMPLICIT_RETAIN_SELF = YES;
				CLANG_WARN_OBJC_LITERAL_CONVERSION = YES;
				CLANG_WARN_OBJC_ROOT_CLASS = YES_ERROR;
				CLANG_WARN_QUOTED_INCLUDE_IN_FRAMEWORK_HEADER = YES;
				CLANG_WARN_RANGE_LOOP_ANALYSIS = YES;
				CLANG_WARN_STRICT_PROTOTYPES = YES;
				CLANG_WARN_SUSPICIOUS_MOVE = YES;
				CLANG_WARN_UNGUARDED_AVAILABILITY = YES_AGGRESSIVE;
				CLANG_WARN_UNREACHABLE_CODE = YES;
				CLANG_WARN__DUPLICATE_METHOD_MATCH = YES;
				COPY_PHASE_STRIP = NO;
				DEBUG_INFORMATION_FORMAT = "dwarf-with-dsym";
				ENABLE_NS_ASSERTIONS = NO;
				ENABLE_STRICT_OBJC_MSGSEND = YES;
				GCC_C_LANGUAGE_STANDARD = gnu11;
				GCC_NO_COMMON_BLOCKS = YES;
				GCC_WARN_64_TO_32_BIT_CONVERSION = YES;
				GCC_WARN_ABOUT_RETURN_TYPE = YES_ERROR;
				GCC_WARN_UNDECLARED_SELECTOR = YES;
				GCC_WARN_UNINITIALIZED_AUTOS = YES_AGGRESSIVE;
				GCC_WARN_UNUSED_FUNCTION = YES;
				GCC_WARN_UNUSED_VARIABLE = YES;
				IPHONEOS_DEPLOYMENT_TARGET = 14.5;
				MTL_ENABLE_DEBUG_INFO = NO;
				MTL_FAST_MATH = YES;
				SDKROOT = iphoneos;
				SWIFT_COMPILATION_MODE = wholemodule;
				SWIFT_OPTIMIZATION_LEVEL = "-O";
				VALIDATE_PRODUCT = YES;
			};
			name = Release;
		};
		3E2D99472638B32A00F8F6D7 /* Debug */ = {
			isa = XCBuildConfiguration;
			buildSettings = {
				ASSETCATALOG_COMPILER_APPICON_NAME = AppIcon;
				ASSETCATALOG_COMPILER_GLOBAL_ACCENT_COLOR_NAME = AccentColor;
				CODE_SIGN_STYLE = Automatic;
				DEVELOPMENT_TEAM = Q8M6V9HM9E;
				INFOPLIST_FILE = EqualSlices/Info.plist;
				LD_RUNPATH_SEARCH_PATHS = (
					"$(inherited)",
					"@executable_path/Frameworks",
				);
				PRODUCT_BUNDLE_IDENTIFIER = com.alx.pronin.SPMTest;
				PRODUCT_NAME = "$(TARGET_NAME)";
				SWIFT_VERSION = 5.0;
				TARGETED_DEVICE_FAMILY = "1,2";
			};
			name = Debug;
		};
		3E2D99482638B32A00F8F6D7 /* Release */ = {
			isa = XCBuildConfiguration;
			buildSettings = {
				ASSETCATALOG_COMPILER_APPICON_NAME = AppIcon;
				ASSETCATALOG_COMPILER_GLOBAL_ACCENT_COLOR_NAME = AccentColor;
				CODE_SIGN_STYLE = Automatic;
				DEVELOPMENT_TEAM = Q8M6V9HM9E;
				INFOPLIST_FILE = EqualSlices/Info.plist;
				LD_RUNPATH_SEARCH_PATHS = (
					"$(inherited)",
					"@executable_path/Frameworks",
				);
				PRODUCT_BUNDLE_IDENTIFIER = com.alx.pronin.SPMTest;
				PRODUCT_NAME = "$(TARGET_NAME)";
				SWIFT_VERSION = 5.0;
				TARGETED_DEVICE_FAMILY = "1,2";
			};
			name = Release;
		};
		3E2D994A2638B32A00F8F6D7 /* Debug */ = {
			isa = XCBuildConfiguration;
			buildSettings = {
				ALWAYS_EMBED_SWIFT_STANDARD_LIBRARIES = YES;
				BUNDLE_LOADER = "$(TEST_HOST)";
				CODE_SIGN_STYLE = Automatic;
				DEVELOPMENT_TEAM = Q8M6V9HM9E;
				INFOPLIST_FILE = EqualSlicesTests/Info.plist;
				IPHONEOS_DEPLOYMENT_TARGET = 14.5;
				LD_RUNPATH_SEARCH_PATHS = (
					"$(inherited)",
					"@executable_path/Frameworks",
					"@loader_path/Frameworks",
				);
				PRODUCT_BUNDLE_IDENTIFIER = com.alx.pronin.SPMTestTests;
				PRODUCT_NAME = "$(TARGET_NAME)";
				SWIFT_VERSION = 5.0;
				TARGETED_DEVICE_FAMILY = "1,2";
				TEST_HOST = "$(BUILT_PRODUCTS_DIR)/EqualSlices.app/EqualSlices";
			};
			name = Debug;
		};
		3E2D994B2638B32A00F8F6D7 /* Release */ = {
			isa = XCBuildConfiguration;
			buildSettings = {
				ALWAYS_EMBED_SWIFT_STANDARD_LIBRARIES = YES;
				BUNDLE_LOADER = "$(TEST_HOST)";
				CODE_SIGN_STYLE = Automatic;
				DEVELOPMENT_TEAM = Q8M6V9HM9E;
				INFOPLIST_FILE = EqualSlicesTests/Info.plist;
				IPHONEOS_DEPLOYMENT_TARGET = 14.5;
				LD_RUNPATH_SEARCH_PATHS = (
					"$(inherited)",
					"@executable_path/Frameworks",
					"@loader_path/Frameworks",
				);
				PRODUCT_BUNDLE_IDENTIFIER = com.alx.pronin.SPMTestTests;
				PRODUCT_NAME = "$(TARGET_NAME)";
				SWIFT_VERSION = 5.0;
				TARGETED_DEVICE_FAMILY = "1,2";
				TEST_HOST = "$(BUILT_PRODUCTS_DIR)/EqualSlices.app/EqualSlices";
			};
			name = Release;
		};
/* End XCBuildConfiguration section */

/* Begin XCConfigurationList section */
		3E2D99172638B32900F8F6D7 /* Build configuration list for PBXProject "EqualSlices" */ = {
			isa = XCConfigurationList;
			buildConfigurations = (
				3E2D99442638B32A00F8F6D7 /* Debug */,
				3E2D99452638B32A00F8F6D7 /* Release */,
			);
			defaultConfigurationIsVisible = 0;
			defaultConfigurationName = Release;
		};
		3E2D99462638B32A00F8F6D7 /* Build configuration list for PBXNativeTarget "EqualSlices" */ = {
			isa = XCConfigurationList;
			buildConfigurations = (
				3E2D99472638B32A00F8F6D7 /* Debug */,
				3E2D99482638B32A00F8F6D7 /* Release */,
			);
			defaultConfigurationIsVisible = 0;
			defaultConfigurationName = Release;
		};
		3E2D99492638B32A00F8F6D7 /* Build configuration list for PBXNativeTarget "EqualSlicesTests" */ = {
			isa = XCConfigurationList;
			buildConfigurations = (
				3E2D994A2638B32A00F8F6D7 /* Debug */,
				3E2D994B2638B32A00F8F6D7 /* Release */,
			);
			defaultConfigurationIsVisible = 0;
			defaultConfigurationName = Release;
		};
/* End XCConfigurationList section */

/* Begin XCRemoteSwiftPackageReference section */
		3E43B7F6263A02270077B99A /* XCRemoteSwiftPackageReference "EqualSlicesPackage" */ = {
			isa = XCRemoteSwiftPackageReference;
			repositoryURL = "https://github.com/mrPronin/EqualSlicesPackage.git";
			requirement = {
				kind = upToNextMajorVersion;
				minimumVersion = 1.0.0;
			};
		};
/* End XCRemoteSwiftPackageReference section */

/* Begin XCSwiftPackageProductDependency section */
		3E43B7F7263A02270077B99A /* EqualSlicesPackage */ = {
			isa = XCSwiftPackageProductDependency;
			package = 3E43B7F6263A02270077B99A /* XCRemoteSwiftPackageReference "EqualSlicesPackage" */;
			productName = EqualSlicesPackage;
		};
/* End XCSwiftPackageProductDependency section */
	};
	rootObject = 3E2D99142638B32900F8F6D7 /* Project object */;
}
